
Microsoft Visual Studio Solution File, Format Version 12.00
# Visual Studio Version 17
VisualStudioVersion = 17.0.31903.59
MinimumVisualStudioVersion = 10.0.40219.1
Project("{2150E333-8FDC-42A3-9474-1A3956D46DE8}") = "tests", "tests", "{0AB3BF05-4346-4AA6-1389-037BE0695223}"
EndProject
Project("{FAE04EC0-301F-11D3-BF4B-00C04F79EFBC}") = "HotJoes.Domain.Vendor.Tests", "tests\HotJoes.Domain.Vendor.Tests\HotJoes.Domain.Vendor.Tests.csproj", "{392130B2-20F4-422B-99B3-8E2E546B5C72}"
EndProject
Project("{FAE04EC0-301F-11D3-BF4B-00C04F79EFBC}") = "HotJoes.Application.Vendor.Tests", "tests\HotJoes.Application.Vendor.Tests\HotJoes.Application.Vendor.Tests.csproj", "{D4E7105C-A2CC-433E-9157-1ECD166B60D6}"
EndProject
Project("{FAE04EC0-301F-11D3-BF4B-00C04F79EFBC}") = "HotJoes.IntegrationTests", "tests\HotJoes.IntegrationTests\HotJoes.IntegrationTests.csproj", "{4CE8C5D9-146A-455D-906C-D2671EF16988}"
EndProject
Project("{2150E333-8FDC-42A3-9474-1A3956D46DE8}") = "src", "src", "{827E0CD3-B72D-47B6-A68D-7590B98EB39B}"
EndProject
Project("{FAE04EC0-301F-11D3-BF4B-00C04F79EFBC}") = "HotJoes.Application.Vendor", "src\HotJoes.Application.Vendor\HotJoes.Application.Vendor.csproj", "{BDA3B426-9A77-4980-B05E-CB00D0859928}"
EndProject
Project("{FAE04EC0-301F-11D3-BF4B-00C04F79EFBC}") = "HotJoes.Domain.Vendor", "src\HotJoes.Domain.Vendor\HotJoes.Domain.Vendor.csproj", "{ED8BAAE7-AF29-47CB-9157-1FC2B1173E11}"
EndProject
Project("{FAE04EC0-301F-11D3-BF4B-00C04F79EFBC}") = "HotJoes.Application.Address", "src\HotJoes.Application.Address\HotJoes.Application.Address.csproj", "{64622D79-2402-443C-9CA3-D49C4B022486}"
EndProject
Project("{FAE04EC0-301F-11D3-BF4B-00C04F79EFBC}") = "HotJoes.Infrastructure.Vendor.Address", "src\HotJoes.Infrastructure.Vendor.Address\HotJoes.Infrastructure.Vendor.Address.csproj", "{DEC9C2CE-F2B8-4781-A785-2C1384AE9A0A}"
EndProject
Project("{FAE04EC0-301F-11D3-BF4B-00C04F79EFBC}") = "HotJoes.Api.Vendor", "src\HotJoes.Api.Vendor\HotJoes.Api.Vendor.csproj", "{85F4EE40-24D5-4C1A-98A0-69D3BE78A24B}"
EndProject
Project("{FAE04EC0-301F-11D3-BF4B-00C04F79EFBC}") = "HotJoes.Api.Vendor.Tests", "tests\HotJoes.Api.Vendor.Tests\HotJoes.Api.Vendor.Tests.csproj", "{DA0E495A-863D-4D2F-A1B8-184C73D6FFEC}"
EndProject
Global
	GlobalSection(SolutionConfigurationPlatforms) = preSolution
		Debug|Any CPU = Debug|Any CPU
		Debug|x64 = Debug|x64
		Debug|x86 = Debug|x86
		Release|Any CPU = Release|Any CPU
		Release|x64 = Release|x64
		Release|x86 = Release|x86
	EndGlobalSection
	GlobalSection(ProjectConfigurationPlatforms) = postSolution
		{392130B2-20F4-422B-99B3-8E2E546B5C72}.Debug|Any CPU.ActiveCfg = Debug|Any CPU
		{392130B2-20F4-422B-99B3-8E2E546B5C72}.Debug|Any CPU.Build.0 = Debug|Any CPU
		{392130B2-20F4-422B-99B3-8E2E546B5C72}.Debug|x64.ActiveCfg = Debug|Any CPU
		{392130B2-20F4-422B-99B3-8E2E546B5C72}.Debug|x64.Build.0 = Debug|Any CPU
		{392130B2-20F4-422B-99B3-8E2E546B5C72}.Debug|x86.ActiveCfg = Debug|Any CPU
		{392130B2-20F4-422B-99B3-8E2E546B5C72}.Debug|x86.Build.0 = Debug|Any CPU
		{392130B2-20F4-422B-99B3-8E2E546B5C72}.Release|Any CPU.ActiveCfg = Release|Any CPU
		{392130B2-20F4-422B-99B3-8E2E546B5C72}.Release|Any CPU.Build.0 = Release|Any CPU
		{392130B2-20F4-422B-99B3-8E2E546B5C72}.Release|x64.ActiveCfg = Release|Any CPU
		{392130B2-20F4-422B-99B3-8E2E546B5C72}.Release|x64.Build.0 = Release|Any CPU
		{392130B2-20F4-422B-99B3-8E2E546B5C72}.Release|x86.ActiveCfg = Release|Any CPU
		{392130B2-20F4-422B-99B3-8E2E546B5C72}.Release|x86.Build.0 = Release|Any CPU
		{D4E7105C-A2CC-433E-9157-1ECD166B60D6}.Debug|Any CPU.ActiveCfg = Debug|Any CPU
		{D4E7105C-A2CC-433E-9157-1ECD166B60D6}.Debug|Any CPU.Build.0 = Debug|Any CPU
		{D4E7105C-A2CC-433E-9157-1ECD166B60D6}.Debug|x64.ActiveCfg = Debug|Any CPU
		{D4E7105C-A2CC-433E-9157-1ECD166B60D6}.Debug|x64.Build.0 = Debug|Any CPU
		{D4E7105C-A2CC-433E-9157-1ECD166B60D6}.Debug|x86.ActiveCfg = Debug|Any CPU
		{D4E7105C-A2CC-433E-9157-1ECD166B60D6}.Debug|x86.Build.0 = Debug|Any CPU
		{D4E7105C-A2CC-433E-9157-1ECD166B60D6}.Release|Any CPU.ActiveCfg = Release|Any CPU
		{D4E7105C-A2CC-433E-9157-1ECD166B60D6}.Release|Any CPU.Build.0 = Release|Any CPU
		{D4E7105C-A2CC-433E-9157-1ECD166B60D6}.Release|x64.ActiveCfg = Release|Any CPU
		{D4E7105C-A2CC-433E-9157-1ECD166B60D6}.Release|x64.Build.0 = Release|Any CPU
		{D4E7105C-A2CC-433E-9157-1ECD166B60D6}.Release|x86.ActiveCfg = Release|Any CPU
		{D4E7105C-A2CC-433E-9157-1ECD166B60D6}.Release|x86.Build.0 = Release|Any CPU
		{4CE8C5D9-146A-455D-906C-D2671EF16988}.Debug|Any CPU.ActiveCfg = Debug|Any CPU
		{4CE8C5D9-146A-455D-906C-D2671EF16988}.Debug|Any CPU.Build.0 = Debug|Any CPU
		{4CE8C5D9-146A-455D-906C-D2671EF16988}.Debug|x64.ActiveCfg = Debug|Any CPU
		{4CE8C5D9-146A-455D-906C-D2671EF16988}.Debug|x64.Build.0 = Debug|Any CPU
		{4CE8C5D9-146A-455D-906C-D2671EF16988}.Debug|x86.ActiveCfg = Debug|Any CPU
		{4CE8C5D9-146A-455D-906C-D2671EF16988}.Debug|x86.Build.0 = Debug|Any CPU
		{4CE8C5D9-146A-455D-906C-D2671EF16988}.Release|Any CPU.ActiveCfg = Release|Any CPU
		{4CE8C5D9-146A-455D-906C-D2671EF16988}.Release|Any CPU.Build.0 = Release|Any CPU
		{4CE8C5D9-146A-455D-906C-D2671EF16988}.Release|x64.ActiveCfg = Release|Any CPU
		{4CE8C5D9-146A-455D-906C-D2671EF16988}.Release|x64.Build.0 = Release|Any CPU
		{4CE8C5D9-146A-455D-906C-D2671EF16988}.Release|x86.ActiveCfg = Release|Any CPU
		{4CE8C5D9-146A-455D-906C-D2671EF16988}.Release|x86.Build.0 = Release|Any CPU
		{BDA3B426-9A77-4980-B05E-CB00D0859928}.Debug|Any CPU.ActiveCfg = Debug|Any CPU
		{BDA3B426-9A77-4980-B05E-CB00D0859928}.Debug|Any CPU.Build.0 = Debug|Any CPU
		{BDA3B426-9A77-4980-B05E-CB00D0859928}.Debug|x64.ActiveCfg = Debug|Any CPU
		{BDA3B426-9A77-4980-B05E-CB00D0859928}.Debug|x64.Build.0 = Debug|Any CPU
		{BDA3B426-9A77-4980-B05E-CB00D0859928}.Debug|x86.ActiveCfg = Debug|Any CPU
		{BDA3B426-9A77-4980-B05E-CB00D0859928}.Debug|x86.Build.0 = Debug|Any CPU
		{BDA3B426-9A77-4980-B05E-CB00D0859928}.Release|Any CPU.ActiveCfg = Release|Any CPU
		{BDA3B426-9A77-4980-B05E-CB00D0859928}.Release|Any CPU.Build.0 = Release|Any CPU
		{BDA3B426-9A77-4980-B05E-CB00D0859928}.Release|x64.ActiveCfg = Release|Any CPU
		{BDA3B426-9A77-4980-B05E-CB00D0859928}.Release|x64.Build.0 = Release|Any CPU
		{BDA3B426-9A77-4980-B05E-CB00D0859928}.Release|x86.ActiveCfg = Release|Any CPU
		{BDA3B426-9A77-4980-B05E-CB00D0859928}.Release|x86.Build.0 = Release|Any CPU
		{ED8BAAE7-AF29-47CB-9157-1FC2B1173E11}.Debug|Any CPU.ActiveCfg = Debug|Any CPU
		{ED8BAAE7-AF29-47CB-9157-1FC2B1173E11}.Debug|Any CPU.Build.0 = Debug|Any CPU
		{ED8BAAE7-AF29-47CB-9157-1FC2B1173E11}.Debug|x64.ActiveCfg = Debug|Any CPU
		{ED8BAAE7-AF29-47CB-9157-1FC2B1173E11}.Debug|x64.Build.0 = Debug|Any CPU
		{ED8BAAE7-AF29-47CB-9157-1FC2B1173E11}.Debug|x86.ActiveCfg = Debug|Any CPU
		{ED8BAAE7-AF29-47CB-9157-1FC2B1173E11}.Debug|x86.Build.0 = Debug|Any CPU
		{ED8BAAE7-AF29-47CB-9157-1FC2B1173E11}.Release|Any CPU.ActiveCfg = Release|Any CPU
		{ED8BAAE7-AF29-47CB-9157-1FC2B1173E11}.Release|Any CPU.Build.0 = Release|Any CPU
		{ED8BAAE7-AF29-47CB-9157-1FC2B1173E11}.Release|x64.ActiveCfg = Release|Any CPU
		{ED8BAAE7-AF29-47CB-9157-1FC2B1173E11}.Release|x64.Build.0 = Release|Any CPU
		{ED8BAAE7-AF29-47CB-9157-1FC2B1173E11}.Release|x86.ActiveCfg = Release|Any CPU
		{ED8BAAE7-AF29-47CB-9157-1FC2B1173E11}.Release|x86.Build.0 = Release|Any CPU
		{64622D79-2402-443C-9CA3-D49C4B022486}.Debug|Any CPU.ActiveCfg = Debug|Any CPU
		{64622D79-2402-443C-9CA3-D49C4B022486}.Debug|Any CPU.Build.0 = Debug|Any CPU
		{64622D79-2402-443C-9CA3-D49C4B022486}.Debug|x64.ActiveCfg = Debug|Any CPU
		{64622D79-2402-443C-9CA3-D49C4B022486}.Debug|x64.Build.0 = Debug|Any CPU
		{64622D79-2402-443C-9CA3-D49C4B022486}.Debug|x86.ActiveCfg = Debug|Any CPU
		{64622D79-2402-443C-9CA3-D49C4B022486}.Debug|x86.Build.0 = Debug|Any CPU
		{64622D79-2402-443C-9CA3-D49C4B022486}.Release|Any CPU.ActiveCfg = Release|Any CPU
		{64622D79-2402-443C-9CA3-D49C4B022486}.Release|Any CPU.Build.0 = Release|Any CPU
		{64622D79-2402-443C-9CA3-D49C4B022486}.Release|x64.ActiveCfg = Release|Any CPU
		{64622D79-2402-443C-9CA3-D49C4B022486}.Release|x64.Build.0 = Release|Any CPU
		{64622D79-2402-443C-9CA3-D49C4B022486}.Release|x86.ActiveCfg = Release|Any CPU
		{64622D79-2402-443C-9CA3-D49C4B022486}.Release|x86.Build.0 = Release|Any CPU
		{DEC9C2CE-F2B8-4781-A785-2C1384AE9A0A}.Debug|Any CPU.ActiveCfg = Debug|Any CPU
		{DEC9C2CE-F2B8-4781-A785-2C1384AE9A0A}.Debug|Any CPU.Build.0 = Debug|Any CPU
		{DEC9C2CE-F2B8-4781-A785-2C1384AE9A0A}.Debug|x64.ActiveCfg = Debug|Any CPU
		{DEC9C2CE-F2B8-4781-A785-2C1384AE9A0A}.Debug|x64.Build.0 = Debug|Any CPU
		{DEC9C2CE-F2B8-4781-A785-2C1384AE9A0A}.Debug|x86.ActiveCfg = Debug|Any CPU
		{DEC9C2CE-F2B8-4781-A785-2C1384AE9A0A}.Debug|x86.Build.0 = Debug|Any CPU
		{DEC9C2CE-F2B8-4781-A785-2C1384AE9A0A}.Release|Any CPU.ActiveCfg = Release|Any CPU
		{DEC9C2CE-F2B8-4781-A785-2C1384AE9A0A}.Release|Any CPU.Build.0 = Release|Any CPU
		{DEC9C2CE-F2B8-4781-A785-2C1384AE9A0A}.Release|x64.ActiveCfg = Release|Any CPU
		{DEC9C2CE-F2B8-4781-A785-2C1384AE9A0A}.Release|x64.Build.0 = Release|Any CPU
		{DEC9C2CE-F2B8-4781-A785-2C1384AE9A0A}.Release|x86.ActiveCfg = Release|Any CPU
		{DEC9C2CE-F2B8-4781-A785-2C1384AE9A0A}.Release|x86.Build.0 = Release|Any CPU
		{85F4EE40-24D5-4C1A-98A0-69D3BE78A24B}.Debug|Any CPU.ActiveCfg = Debug|Any CPU
		{85F4EE40-24D5-4C1A-98A0-69D3BE78A24B}.Debug|Any CPU.Build.0 = Debug|Any CPU
		{85F4EE40-24D5-4C1A-98A0-69D3BE78A24B}.Debug|x64.ActiveCfg = Debug|Any CPU
		{85F4EE40-24D5-4C1A-98A0-69D3BE78A24B}.Debug|x64.Build.0 = Debug|Any CPU
		{85F4EE40-24D5-4C1A-98A0-69D3BE78A24B}.Debug|x86.ActiveCfg = Debug|Any CPU
		{85F4EE40-24D5-4C1A-98A0-69D3BE78A24B}.Debug|x86.Build.0 = Debug|Any CPU
		{85F4EE40-24D5-4C1A-98A0-69D3BE78A24B}.Release|Any CPU.ActiveCfg = Release|Any CPU
		{85F4EE40-24D5-4C1A-98A0-69D3BE78A24B}.Release|Any CPU.Build.0 = Release|Any CPU
		{85F4EE40-24D5-4C1A-98A0-69D3BE78A24B}.Release|x64.ActiveCfg = Release|Any CPU
		{85F4EE40-24D5-4C1A-98A0-69D3BE78A24B}.Release|x64.Build.0 = Release|Any CPU
		{85F4EE40-24D5-4C1A-98A0-69D3BE78A24B}.Release|x86.ActiveCfg = Release|Any CPU
		{85F4EE40-24D5-4C1A-98A0-69D3BE78A24B}.Release|x86.Build.0 = Release|Any CPU
		{DA0E495A-863D-4D2F-A1B8-184C73D6FFEC}.Debug|Any CPU.ActiveCfg = Debug|Any CPU
		{DA0E495A-863D-4D2F-A1B8-184C73D6FFEC}.Debug|Any CPU.Build.0 = Debug|Any CPU
		{DA0E495A-863D-4D2F-A1B8-184C73D6FFEC}.Debug|x64.ActiveCfg = Debug|Any CPU
		{DA0E495A-863D-4D2F-A1B8-184C73D6FFEC}.Debug|x64.Build.0 = Debug|Any CPU
		{DA0E495A-863D-4D2F-A1B8-184C73D6FFEC}.Debug|x86.ActiveCfg = Debug|Any CPU
		{DA0E495A-863D-4D2F-A1B8-184C73D6FFEC}.Debug|x86.Build.0 = Debug|Any CPU
		{DA0E495A-863D-4D2F-A1B8-184C73D6FFEC}.Release|Any CPU.ActiveCfg = Release|Any CPU
		{DA0E495A-863D-4D2F-A1B8-184C73D6FFEC}.Release|Any CPU.Build.0 = Release|Any CPU
		{DA0E495A-863D-4D2F-A1B8-184C73D6FFEC}.Release|x64.ActiveCfg = Release|Any CPU
		{DA0E495A-863D-4D2F-A1B8-184C73D6FFEC}.Release|x64.Build.0 = Release|Any CPU
		{DA0E495A-863D-4D2F-A1B8-184C73D6FFEC}.Release|x86.ActiveCfg = Release|Any CPU
		{DA0E495A-863D-4D2F-A1B8-184C73D6FFEC}.Release|x86.Build.0 = Release|Any CPU
	EndGlobalSection
	GlobalSection(SolutionProperties) = preSolution
		HideSolutionNode = FALSE
	EndGlobalSection
	GlobalSection(NestedProjects) = preSolution
		{392130B2-20F4-422B-99B3-8E2E546B5C72} = {0AB3BF05-4346-4AA6-1389-037BE0695223}
		{D4E7105C-A2CC-433E-9157-1ECD166B60D6} = {0AB3BF05-4346-4AA6-1389-037BE0695223}
		{4CE8C5D9-146A-455D-906C-D2671EF16988} = {0AB3BF05-4346-4AA6-1389-037BE0695223}
		{BDA3B426-9A77-4980-B05E-CB00D0859928} = {827E0CD3-B72D-47B6-A68D-7590B98EB39B}
		{ED8BAAE7-AF29-47CB-9157-1FC2B1173E11} = {827E0CD3-B72D-47B6-A68D-7590B98EB39B}
		{64622D79-2402-443C-9CA3-D49C4B022486} = {827E0CD3-B72D-47B6-A68D-7590B98EB39B}
		{DEC9C2CE-F2B8-4781-A785-2C1384AE9A0A} = {827E0CD3-B72D-47B6-A68D-7590B98EB39B}
		{85F4EE40-24D5-4C1A-98A0-69D3BE78A24B} = {827E0CD3-B72D-47B6-A68D-7590B98EB39B}
		{DA0E495A-863D-4D2F-A1B8-184C73D6FFEC} = {0AB3BF05-4346-4AA6-1389-037BE0695223}
	EndGlobalSection
EndGlobal
