
Microsoft Visual Studio Solution File, Format Version 12.00
# Visual Studio Version 17
VisualStudioVersion = 17.0.31903.59
MinimumVisualStudioVersion = 10.0.40219.1
Project("{FAE04EC0-301F-11D3-BF4B-00C04F79EFBC}") = "HotJoes.Api", "HotJoes.Api\HotJoes.Api.csproj", "{AB953380-F678-4582-8819-D3C3E909B37B}"
EndProject
Project("{FAE04EC0-301F-11D3-BF4B-00C04F79EFBC}") = "HotJoes.Domain.Vendor", "HotJoes.Domain.Vendor\HotJoes.Domain.Vendor.csproj", "{DD6CD085-2346-4BA5-A1FE-D22D950148B5}"
EndProject
Project("{FAE04EC0-301F-11D3-BF4B-00C04F79EFBC}") = "HotJoes.Application.Vendor", "HotJoes.Application.Vendor\HotJoes.Application.Vendor.csproj", "{D2C8FD6D-64C7-4070-AC58-DBC8377A72F1}"
EndProject
Project("{FAE04EC0-301F-11D3-BF4B-00C04F79EFBC}") = "HotJoes.Infrastructure.Persistence", "HotJoes.Infrastructure.Persistence\HotJoes.Infrastructure.Persistence.csproj", "{2A5705EA-8175-4169-9D31-C5257177FFA2}"
EndProject
Project("{2150E333-8FDC-42A3-9474-1A3956D46DE8}") = "tests", "tests", "{0AB3BF05-4346-4AA6-1389-037BE0695223}"
EndProject
Project("{FAE04EC0-301F-11D3-BF4B-00C04F79EFBC}") = "HotJoes.Domain.Vendor.Tests", "tests\HotJoes.Domain.Vendor.Tests\HotJoes.Domain.Vendor.Tests.csproj", "{392130B2-20F4-422B-99B3-8E2E546B5C72}"
EndProject
Project("{FAE04EC0-301F-11D3-BF4B-00C04F79EFBC}") = "HotJoes.Application.Vendor.Tests", "tests\HotJoes.Application.Vendor.Tests\HotJoes.Application.Vendor.Tests.csproj", "{D4E7105C-A2CC-433E-9157-1ECD166B60D6}"
EndProject
Project("{FAE04EC0-301F-11D3-BF4B-00C04F79EFBC}") = "HotJoes.IntegrationTests", "tests\HotJoes.IntegrationTests\HotJoes.IntegrationTests.csproj", "{4CE8C5D9-146A-455D-906C-D2671EF16988}"
EndProject
Global
	GlobalSection(SolutionConfigurationPlatforms) = preSolution
		Debug|Any CPU = Debug|Any CPU
		Debug|x64 = Debug|x64
		Debug|x86 = Debug|x86
		Release|Any CPU = Release|Any CPU
		Release|x64 = Release|x64
		Release|x86 = Release|x86
	EndGlobalSection
	GlobalSection(ProjectConfigurationPlatforms) = postSolution
		{AB953380-F678-4582-8819-D3C3E909B37B}.Debug|Any CPU.ActiveCfg = Debug|Any CPU
		{AB953380-F678-4582-8819-D3C3E909B37B}.Debug|Any CPU.Build.0 = Debug|Any CPU
		{AB953380-F678-4582-8819-D3C3E909B37B}.Debug|x64.ActiveCfg = Debug|Any CPU
		{AB953380-F678-4582-8819-D3C3E909B37B}.Debug|x64.Build.0 = Debug|Any CPU
		{AB953380-F678-4582-8819-D3C3E909B37B}.Debug|x86.ActiveCfg = Debug|Any CPU
		{AB953380-F678-4582-8819-D3C3E909B37B}.Debug|x86.Build.0 = Debug|Any CPU
		{AB953380-F678-4582-8819-D3C3E909B37B}.Release|Any CPU.ActiveCfg = Release|Any CPU
		{AB953380-F678-4582-8819-D3C3E909B37B}.Release|Any CPU.Build.0 = Release|Any CPU
		{AB953380-F678-4582-8819-D3C3E909B37B}.Release|x64.ActiveCfg = Release|Any CPU
		{AB953380-F678-4582-8819-D3C3E909B37B}.Release|x64.Build.0 = Release|Any CPU
		{AB953380-F678-4582-8819-D3C3E909B37B}.Release|x86.ActiveCfg = Release|Any CPU
		{AB953380-F678-4582-8819-D3C3E909B37B}.Release|x86.Build.0 = Release|Any CPU
		{DD6CD085-2346-4BA5-A1FE-D22D950148B5}.Debug|Any CPU.ActiveCfg = Debug|Any CPU
		{DD6CD085-2346-4BA5-A1FE-D22D950148B5}.Debug|Any CPU.Build.0 = Debug|Any CPU
		{DD6CD085-2346-4BA5-A1FE-D22D950148B5}.Debug|x64.ActiveCfg = Debug|Any CPU
		{DD6CD085-2346-4BA5-A1FE-D22D950148B5}.Debug|x64.Build.0 = Debug|Any CPU
		{DD6CD085-2346-4BA5-A1FE-D22D950148B5}.Debug|x86.ActiveCfg = Debug|Any CPU
		{DD6CD085-2346-4BA5-A1FE-D22D950148B5}.Debug|x86.Build.0 = Debug|Any CPU
		{DD6CD085-2346-4BA5-A1FE-D22D950148B5}.Release|Any CPU.ActiveCfg = Release|Any CPU
		{DD6CD085-2346-4BA5-A1FE-D22D950148B5}.Release|Any CPU.Build.0 = Release|Any CPU
		{DD6CD085-2346-4BA5-A1FE-D22D950148B5}.Release|x64.ActiveCfg = Release|Any CPU
		{DD6CD085-2346-4BA5-A1FE-D22D950148B5}.Release|x64.Build.0 = Release|Any CPU
		{DD6CD085-2346-4BA5-A1FE-D22D950148B5}.Release|x86.ActiveCfg = Release|Any CPU
		{DD6CD085-2346-4BA5-A1FE-D22D950148B5}.Release|x86.Build.0 = Release|Any CPU
		{D2C8FD6D-64C7-4070-AC58-DBC8377A72F1}.Debug|Any CPU.ActiveCfg = Debug|Any CPU
		{D2C8FD6D-64C7-4070-AC58-DBC8377A72F1}.Debug|Any CPU.Build.0 = Debug|Any CPU
		{D2C8FD6D-64C7-4070-AC58-DBC8377A72F1}.Debug|x64.ActiveCfg = Debug|Any CPU
		{D2C8FD6D-64C7-4070-AC58-DBC8377A72F1}.Debug|x64.Build.0 = Debug|Any CPU
		{D2C8FD6D-64C7-4070-AC58-DBC8377A72F1}.Debug|x86.ActiveCfg = Debug|Any CPU
		{D2C8FD6D-64C7-4070-AC58-DBC8377A72F1}.Debug|x86.Build.0 = Debug|Any CPU
		{D2C8FD6D-64C7-4070-AC58-DBC8377A72F1}.Release|Any CPU.ActiveCfg = Release|Any CPU
		{D2C8FD6D-64C7-4070-AC58-DBC8377A72F1}.Release|Any CPU.Build.0 = Release|Any CPU
		{D2C8FD6D-64C7-4070-AC58-DBC8377A72F1}.Release|x64.ActiveCfg = Release|Any CPU
		{D2C8FD6D-64C7-4070-AC58-DBC8377A72F1}.Release|x64.Build.0 = Release|Any CPU
		{D2C8FD6D-64C7-4070-AC58-DBC8377A72F1}.Release|x86.ActiveCfg = Release|Any CPU
		{D2C8FD6D-64C7-4070-AC58-DBC8377A72F1}.Release|x86.Build.0 = Release|Any CPU
		{2A5705EA-8175-4169-9D31-C5257177FFA2}.Debug|Any CPU.ActiveCfg = Debug|Any CPU
		{2A5705EA-8175-4169-9D31-C5257177FFA2}.Debug|Any CPU.Build.0 = Debug|Any CPU
		{2A5705EA-8175-4169-9D31-C5257177FFA2}.Debug|x64.ActiveCfg = Debug|Any CPU
		{2A5705EA-8175-4169-9D31-C5257177FFA2}.Debug|x64.Build.0 = Debug|Any CPU
		{2A5705EA-8175-4169-9D31-C5257177FFA2}.Debug|x86.ActiveCfg = Debug|Any CPU
		{2A5705EA-8175-4169-9D31-C5257177FFA2}.Debug|x86.Build.0 = Debug|Any CPU
		{2A5705EA-8175-4169-9D31-C5257177FFA2}.Release|Any CPU.ActiveCfg = Release|Any CPU
		{2A5705EA-8175-4169-9D31-C5257177FFA2}.Release|Any CPU.Build.0 = Release|Any CPU
		{2A5705EA-8175-4169-9D31-C5257177FFA2}.Release|x64.ActiveCfg = Release|Any CPU
		{2A5705EA-8175-4169-9D31-C5257177FFA2}.Release|x64.Build.0 = Release|Any CPU
		{2A5705EA-8175-4169-9D31-C5257177FFA2}.Release|x86.ActiveCfg = Release|Any CPU
		{2A5705EA-8175-4169-9D31-C5257177FFA2}.Release|x86.Build.0 = Release|Any CPU
		{392130B2-20F4-422B-99B3-8E2E546B5C72}.Debug|Any CPU.ActiveCfg = Debug|Any CPU
		{392130B2-20F4-422B-99B3-8E2E546B5C72}.Debug|Any CPU.Build.0 = Debug|Any CPU
		{392130B2-20F4-422B-99B3-8E2E546B5C72}.Debug|x64.ActiveCfg = Debug|Any CPU
		{392130B2-20F4-422B-99B3-8E2E546B5C72}.Debug|x64.Build.0 = Debug|Any CPU
		{392130B2-20F4-422B-99B3-8E2E546B5C72}.Debug|x86.ActiveCfg = Debug|Any CPU
		{392130B2-20F4-422B-99B3-8E2E546B5C72}.Debug|x86.Build.0 = Debug|Any CPU
		{392130B2-20F4-422B-99B3-8E2E546B5C72}.Release|Any CPU.ActiveCfg = Release|Any CPU
		{392130B2-20F4-422B-99B3-8E2E546B5C72}.Release|Any CPU.Build.0 = Release|Any CPU
		{392130B2-20F4-422B-99B3-8E2E546B5C72}.Release|x64.ActiveCfg = Release|Any CPU
		{392130B2-20F4-422B-99B3-8E2E546B5C72}.Release|x64.Build.0 = Release|Any CPU
		{392130B2-20F4-422B-99B3-8E2E546B5C72}.Release|x86.ActiveCfg = Release|Any CPU
		{392130B2-20F4-422B-99B3-8E2E546B5C72}.Release|x86.Build.0 = Release|Any CPU
		{D4E7105C-A2CC-433E-9157-1ECD166B60D6}.Debug|Any CPU.ActiveCfg = Debug|Any CPU
		{D4E7105C-A2CC-433E-9157-1ECD166B60D6}.Debug|Any CPU.Build.0 = Debug|Any CPU
		{D4E7105C-A2CC-433E-9157-1ECD166B60D6}.Debug|x64.ActiveCfg = Debug|Any CPU
		{D4E7105C-A2CC-433E-9157-1ECD166B60D6}.Debug|x64.Build.0 = Debug|Any CPU
		{D4E7105C-A2CC-433E-9157-1ECD166B60D6}.Debug|x86.ActiveCfg = Debug|Any CPU
		{D4E7105C-A2CC-433E-9157-1ECD166B60D6}.Debug|x86.Build.0 = Debug|Any CPU
		{D4E7105C-A2CC-433E-9157-1ECD166B60D6}.Release|Any CPU.ActiveCfg = Release|Any CPU
		{D4E7105C-A2CC-433E-9157-1ECD166B60D6}.Release|Any CPU.Build.0 = Release|Any CPU
		{D4E7105C-A2CC-433E-9157-1ECD166B60D6}.Release|x64.ActiveCfg = Release|Any CPU
		{D4E7105C-A2CC-433E-9157-1ECD166B60D6}.Release|x64.Build.0 = Release|Any CPU
		{D4E7105C-A2CC-433E-9157-1ECD166B60D6}.Release|x86.ActiveCfg = Release|Any CPU
		{D4E7105C-A2CC-433E-9157-1ECD166B60D6}.Release|x86.Build.0 = Release|Any CPU
		{4CE8C5D9-146A-455D-906C-D2671EF16988}.Debug|Any CPU.ActiveCfg = Debug|Any CPU
		{4CE8C5D9-146A-455D-906C-D2671EF16988}.Debug|Any CPU.Build.0 = Debug|Any CPU
		{4CE8C5D9-146A-455D-906C-D2671EF16988}.Debug|x64.ActiveCfg = Debug|Any CPU
		{4CE8C5D9-146A-455D-906C-D2671EF16988}.Debug|x64.Build.0 = Debug|Any CPU
		{4CE8C5D9-146A-455D-906C-D2671EF16988}.Debug|x86.ActiveCfg = Debug|Any CPU
		{4CE8C5D9-146A-455D-906C-D2671EF16988}.Debug|x86.Build.0 = Debug|Any CPU
		{4CE8C5D9-146A-455D-906C-D2671EF16988}.Release|Any CPU.ActiveCfg = Release|Any CPU
		{4CE8C5D9-146A-455D-906C-D2671EF16988}.Release|Any CPU.Build.0 = Release|Any CPU
		{4CE8C5D9-146A-455D-906C-D2671EF16988}.Release|x64.ActiveCfg = Release|Any CPU
		{4CE8C5D9-146A-455D-906C-D2671EF16988}.Release|x64.Build.0 = Release|Any CPU
		{4CE8C5D9-146A-455D-906C-D2671EF16988}.Release|x86.ActiveCfg = Release|Any CPU
		{4CE8C5D9-146A-455D-906C-D2671EF16988}.Release|x86.Build.0 = Release|Any CPU
	EndGlobalSection
	GlobalSection(SolutionProperties) = preSolution
		HideSolutionNode = FALSE
	EndGlobalSection
	GlobalSection(NestedProjects) = preSolution
		{392130B2-20F4-422B-99B3-8E2E546B5C72} = {0AB3BF05-4346-4AA6-1389-037BE0695223}
		{D4E7105C-A2CC-433E-9157-1ECD166B60D6} = {0AB3BF05-4346-4AA6-1389-037BE0695223}
		{4CE8C5D9-146A-455D-906C-D2671EF16988} = {0AB3BF05-4346-4AA6-1389-037BE0695223}
	EndGlobalSection
EndGlobal
