
Microsoft Visual Studio Solution File, Format Version 12.00
# Visual Studio Version 17
VisualStudioVersion = 17.0.31903.59
MinimumVisualStudioVersion = 10.0.40219.1
Project("{FAE04EC0-301F-11D3-BF4B-00C04F79EFBC}") = "HotJoes.Api", "HotJoes.Api\HotJoes.Api.csproj", "{AB953380-F678-4582-8819-D3C3E909B37B}"
EndProject
Project("{FAE04EC0-301F-11D3-BF4B-00C04F79EFBC}") = "HotJoes.Domain.Vendor", "HotJoes.Domain.Vendor\HotJoes.Domain.Vendor.csproj", "{DD6CD085-2346-4BA5-A1FE-D22D950148B5}"
EndProject
Project("{FAE04EC0-301F-11D3-BF4B-00C04F79EFBC}") = "HotJoes.Application.Vendor", "HotJoes.Application.Vendor\HotJoes.Application.Vendor.csproj", "{D2C8FD6D-64C7-4070-AC58-DBC8377A72F1}"
EndProject
Project("{FAE04EC0-301F-11D3-BF4B-00C04F79EFBC}") = "HotJoes.Infrastructure.Persistence", "HotJoes.Infrastructure.Persistence\HotJoes.Infrastructure.Persistence.csproj", "{2A5705EA-8175-4169-9D31-C5257177FFA2}"
EndProject
Project("{FAE04EC0-301F-11D3-BF4B-00C04F79EFBC}") = "HotJoes.Domain.Vendor.Tests", "HotJoes.Domain.Vendor.Tests\HotJoes.Domain.Vendor.Tests.csproj", "{4016BA32-240B-4562-85A1-41F164EA1D0F}"
EndProject
Project("{FAE04EC0-301F-11D3-BF4B-00C04F79EFBC}") = "HotJoes.Application.Vendor.Tests", "HotJoes.Application.Vendor.Tests\HotJoes.Application.Vendor.Tests.csproj", "{F926A077-04E7-44AC-89DB-1BAE300221D5}"
EndProject
Project("{FAE04EC0-301F-11D3-BF4B-00C04F79EFBC}") = "HotJoes.Api.IntegrationTests", "HotJoes.Api.IntegrationTests\HotJoes.Api.IntegrationTests.csproj", "{3426955A-46E8-4054-B803-3E70F283CFD9}"
EndProject
Global
	GlobalSection(SolutionConfigurationPlatforms) = preSolution
		Debug|Any CPU = Debug|Any CPU
		Debug|x64 = Debug|x64
		Debug|x86 = Debug|x86
		Release|Any CPU = Release|Any CPU
		Release|x64 = Release|x64
		Release|x86 = Release|x86
	EndGlobalSection
	GlobalSection(ProjectConfigurationPlatforms) = postSolution
		{AB953380-F678-4582-8819-D3C3E909B37B}.Debug|Any CPU.ActiveCfg = Debug|Any CPU
		{AB953380-F678-4582-8819-D3C3E909B37B}.Debug|Any CPU.Build.0 = Debug|Any CPU
		{AB953380-F678-4582-8819-D3C3E909B37B}.Debug|x64.ActiveCfg = Debug|Any CPU
		{AB953380-F678-4582-8819-D3C3E909B37B}.Debug|x64.Build.0 = Debug|Any CPU
		{AB953380-F678-4582-8819-D3C3E909B37B}.Debug|x86.ActiveCfg = Debug|Any CPU
		{AB953380-F678-4582-8819-D3C3E909B37B}.Debug|x86.Build.0 = Debug|Any CPU
		{AB953380-F678-4582-8819-D3C3E909B37B}.Release|Any CPU.ActiveCfg = Release|Any CPU
		{AB953380-F678-4582-8819-D3C3E909B37B}.Release|Any CPU.Build.0 = Release|Any CPU
		{AB953380-F678-4582-8819-D3C3E909B37B}.Release|x64.ActiveCfg = Release|Any CPU
		{AB953380-F678-4582-8819-D3C3E909B37B}.Release|x64.Build.0 = Release|Any CPU
		{AB953380-F678-4582-8819-D3C3E909B37B}.Release|x86.ActiveCfg = Release|Any CPU
		{AB953380-F678-4582-8819-D3C3E909B37B}.Release|x86.Build.0 = Release|Any CPU
		{DD6CD085-2346-4BA5-A1FE-D22D950148B5}.Debug|Any CPU.ActiveCfg = Debug|Any CPU
		{DD6CD085-2346-4BA5-A1FE-D22D950148B5}.Debug|Any CPU.Build.0 = Debug|Any CPU
		{DD6CD085-2346-4BA5-A1FE-D22D950148B5}.Debug|x64.ActiveCfg = Debug|Any CPU
		{DD6CD085-2346-4BA5-A1FE-D22D950148B5}.Debug|x64.Build.0 = Debug|Any CPU
		{DD6CD085-2346-4BA5-A1FE-D22D950148B5}.Debug|x86.ActiveCfg = Debug|Any CPU
		{DD6CD085-2346-4BA5-A1FE-D22D950148B5}.Debug|x86.Build.0 = Debug|Any CPU
		{DD6CD085-2346-4BA5-A1FE-D22D950148B5}.Release|Any CPU.ActiveCfg = Release|Any CPU
		{DD6CD085-2346-4BA5-A1FE-D22D950148B5}.Release|Any CPU.Build.0 = Release|Any CPU
		{DD6CD085-2346-4BA5-A1FE-D22D950148B5}.Release|x64.ActiveCfg = Release|Any CPU
		{DD6CD085-2346-4BA5-A1FE-D22D950148B5}.Release|x64.Build.0 = Release|Any CPU
		{DD6CD085-2346-4BA5-A1FE-D22D950148B5}.Release|x86.ActiveCfg = Release|Any CPU
		{DD6CD085-2346-4BA5-A1FE-D22D950148B5}.Release|x86.Build.0 = Release|Any CPU
		{D2C8FD6D-64C7-4070-AC58-DBC8377A72F1}.Debug|Any CPU.ActiveCfg = Debug|Any CPU
		{D2C8FD6D-64C7-4070-AC58-DBC8377A72F1}.Debug|Any CPU.Build.0 = Debug|Any CPU
		{D2C8FD6D-64C7-4070-AC58-DBC8377A72F1}.Debug|x64.ActiveCfg = Debug|Any CPU
		{D2C8FD6D-64C7-4070-AC58-DBC8377A72F1}.Debug|x64.Build.0 = Debug|Any CPU
		{D2C8FD6D-64C7-4070-AC58-DBC8377A72F1}.Debug|x86.ActiveCfg = Debug|Any CPU
		{D2C8FD6D-64C7-4070-AC58-DBC8377A72F1}.Debug|x86.Build.0 = Debug|Any CPU
		{D2C8FD6D-64C7-4070-AC58-DBC8377A72F1}.Release|Any CPU.ActiveCfg = Release|Any CPU
		{D2C8FD6D-64C7-4070-AC58-DBC8377A72F1}.Release|Any CPU.Build.0 = Release|Any CPU
		{D2C8FD6D-64C7-4070-AC58-DBC8377A72F1}.Release|x64.ActiveCfg = Release|Any CPU
		{D2C8FD6D-64C7-4070-AC58-DBC8377A72F1}.Release|x64.Build.0 = Release|Any CPU
		{D2C8FD6D-64C7-4070-AC58-DBC8377A72F1}.Release|x86.ActiveCfg = Release|Any CPU
		{D2C8FD6D-64C7-4070-AC58-DBC8377A72F1}.Release|x86.Build.0 = Release|Any CPU
		{2A5705EA-8175-4169-9D31-C5257177FFA2}.Debug|Any CPU.ActiveCfg = Debug|Any CPU
		{2A5705EA-8175-4169-9D31-C5257177FFA2}.Debug|Any CPU.Build.0 = Debug|Any CPU
		{2A5705EA-8175-4169-9D31-C5257177FFA2}.Debug|x64.ActiveCfg = Debug|Any CPU
		{2A5705EA-8175-4169-9D31-C5257177FFA2}.Debug|x64.Build.0 = Debug|Any CPU
		{2A5705EA-8175-4169-9D31-C5257177FFA2}.Debug|x86.ActiveCfg = Debug|Any CPU
		{2A5705EA-8175-4169-9D31-C5257177FFA2}.Debug|x86.Build.0 = Debug|Any CPU
		{2A5705EA-8175-4169-9D31-C5257177FFA2}.Release|Any CPU.ActiveCfg = Release|Any CPU
		{2A5705EA-8175-4169-9D31-C5257177FFA2}.Release|Any CPU.Build.0 = Release|Any CPU
		{2A5705EA-8175-4169-9D31-C5257177FFA2}.Release|x64.ActiveCfg = Release|Any CPU
		{2A5705EA-8175-4169-9D31-C5257177FFA2}.Release|x64.Build.0 = Release|Any CPU
		{2A5705EA-8175-4169-9D31-C5257177FFA2}.Release|x86.ActiveCfg = Release|Any CPU
		{2A5705EA-8175-4169-9D31-C5257177FFA2}.Release|x86.Build.0 = Release|Any CPU
		{4016BA32-240B-4562-85A1-41F164EA1D0F}.Debug|Any CPU.ActiveCfg = Debug|Any CPU
		{4016BA32-240B-4562-85A1-41F164EA1D0F}.Debug|Any CPU.Build.0 = Debug|Any CPU
		{4016BA32-240B-4562-85A1-41F164EA1D0F}.Debug|x64.ActiveCfg = Debug|Any CPU
		{4016BA32-240B-4562-85A1-41F164EA1D0F}.Debug|x64.Build.0 = Debug|Any CPU
		{4016BA32-240B-4562-85A1-41F164EA1D0F}.Debug|x86.ActiveCfg = Debug|Any CPU
		{4016BA32-240B-4562-85A1-41F164EA1D0F}.Debug|x86.Build.0 = Debug|Any CPU
		{4016BA32-240B-4562-85A1-41F164EA1D0F}.Release|Any CPU.ActiveCfg = Release|Any CPU
		{4016BA32-240B-4562-85A1-41F164EA1D0F}.Release|Any CPU.Build.0 = Release|Any CPU
		{4016BA32-240B-4562-85A1-41F164EA1D0F}.Release|x64.ActiveCfg = Release|Any CPU
		{4016BA32-240B-4562-85A1-41F164EA1D0F}.Release|x64.Build.0 = Release|Any CPU
		{4016BA32-240B-4562-85A1-41F164EA1D0F}.Release|x86.ActiveCfg = Release|Any CPU
		{4016BA32-240B-4562-85A1-41F164EA1D0F}.Release|x86.Build.0 = Release|Any CPU
		{F926A077-04E7-44AC-89DB-1BAE300221D5}.Debug|Any CPU.ActiveCfg = Debug|Any CPU
		{F926A077-04E7-44AC-89DB-1BAE300221D5}.Debug|Any CPU.Build.0 = Debug|Any CPU
		{F926A077-04E7-44AC-89DB-1BAE300221D5}.Debug|x64.ActiveCfg = Debug|Any CPU
		{F926A077-04E7-44AC-89DB-1BAE300221D5}.Debug|x64.Build.0 = Debug|Any CPU
		{F926A077-04E7-44AC-89DB-1BAE300221D5}.Debug|x86.ActiveCfg = Debug|Any CPU
		{F926A077-04E7-44AC-89DB-1BAE300221D5}.Debug|x86.Build.0 = Debug|Any CPU
		{F926A077-04E7-44AC-89DB-1BAE300221D5}.Release|Any CPU.ActiveCfg = Release|Any CPU
		{F926A077-04E7-44AC-89DB-1BAE300221D5}.Release|Any CPU.Build.0 = Release|Any CPU
		{F926A077-04E7-44AC-89DB-1BAE300221D5}.Release|x64.ActiveCfg = Release|Any CPU
		{F926A077-04E7-44AC-89DB-1BAE300221D5}.Release|x64.Build.0 = Release|Any CPU
		{F926A077-04E7-44AC-89DB-1BAE300221D5}.Release|x86.ActiveCfg = Release|Any CPU
		{F926A077-04E7-44AC-89DB-1BAE300221D5}.Release|x86.Build.0 = Release|Any CPU
		{3426955A-46E8-4054-B803-3E70F283CFD9}.Debug|Any CPU.ActiveCfg = Debug|Any CPU
		{3426955A-46E8-4054-B803-3E70F283CFD9}.Debug|Any CPU.Build.0 = Debug|Any CPU
		{3426955A-46E8-4054-B803-3E70F283CFD9}.Debug|x64.ActiveCfg = Debug|Any CPU
		{3426955A-46E8-4054-B803-3E70F283CFD9}.Debug|x64.Build.0 = Debug|Any CPU
		{3426955A-46E8-4054-B803-3E70F283CFD9}.Debug|x86.ActiveCfg = Debug|Any CPU
		{3426955A-46E8-4054-B803-3E70F283CFD9}.Debug|x86.Build.0 = Debug|Any CPU
		{3426955A-46E8-4054-B803-3E70F283CFD9}.Release|Any CPU.ActiveCfg = Release|Any CPU
		{3426955A-46E8-4054-B803-3E70F283CFD9}.Release|Any CPU.Build.0 = Release|Any CPU
		{3426955A-46E8-4054-B803-3E70F283CFD9}.Release|x64.ActiveCfg = Release|Any CPU
		{3426955A-46E8-4054-B803-3E70F283CFD9}.Release|x64.Build.0 = Release|Any CPU
		{3426955A-46E8-4054-B803-3E70F283CFD9}.Release|x86.ActiveCfg = Release|Any CPU
		{3426955A-46E8-4054-B803-3E70F283CFD9}.Release|x86.Build.0 = Release|Any CPU
	EndGlobalSection
	GlobalSection(SolutionProperties) = preSolution
		HideSolutionNode = FALSE
	EndGlobalSection
EndGlobal
